
Microsoft Visual Studio Solution File, Format Version 12.00
# Visual Studio Version 17
VisualStudioVersion = 17.8.34330.188
MinimumVisualStudioVersion = 10.0.40219.1
Project("{FAE04EC0-301F-11D3-BF4B-00C04F79EFBC}") = "Livros", "Livros.csproj", "{E2D29316-39E9-4EA6-9F26-ED2C2E3F045F}"
EndProject
Global
	GlobalSection(SolutionConfigurationPlatforms) = preSolution
		Debug|Any CPU = Debug|Any CPU
		Release|Any CPU = Release|Any CPU
	EndGlobalSection
	GlobalSection(ProjectConfigurationPlatforms) = postSolution
		{E2D29316-39E9-4EA6-9F26-ED2C2E3F045F}.Debug|Any CPU.ActiveCfg = Debug|Any CPU
		{E2D29316-39E9-4EA6-9F26-ED2C2E3F045F}.Debug|Any CPU.Build.0 = Debug|Any CPU
		{E2D29316-39E9-4EA6-9F26-ED2C2E3F045F}.Release|Any CPU.ActiveCfg = Release|Any CPU
		{E2D29316-39E9-4EA6-9F26-ED2C2E3F045F}.Release|Any CPU.Build.0 = Release|Any CPU
	EndGlobalSection
	GlobalSection(SolutionProperties) = preSolution
		HideSolutionNode = FALSE
	EndGlobalSection
	GlobalSection(ExtensibilityGlobals) = postSolution
		SolutionGuid = {EE3EB855-B013-413F-A706-DAD692A52DC2}
	EndGlobalSection
EndGlobal
